// !$*UTF8*$!
{
	archiveVersion = 1;
	classes = {
	};
	objectVersion = 50;
	objects = {

/* Begin PBXBuildFile section */
		8F004E2421202659002497F2 /* CircularTransition.swift in Sources */ = {isa = PBXBuildFile; fileRef = 8F004E2321202659002497F2 /* CircularTransition.swift */; };
		8FD48FED21201D140035026F /* AppDelegate.swift in Sources */ = {isa = PBXBuildFile; fileRef = 8FD48FEC21201D140035026F /* AppDelegate.swift */; };
		8FD48FEF21201D140035026F /* ViewController.swift in Sources */ = {isa = PBXBuildFile; fileRef = 8FD48FEE21201D140035026F /* ViewController.swift */; };
		8FD48FF221201D140035026F /* Main.storyboard in Resources */ = {isa = PBXBuildFile; fileRef = 8FD48FF021201D140035026F /* Main.storyboard */; };
		8FD48FF421201D160035026F /* Assets.xcassets in Resources */ = {isa = PBXBuildFile; fileRef = 8FD48FF321201D160035026F /* Assets.xcassets */; };
		8FD48FF721201D160035026F /* LaunchScreen.storyboard in Resources */ = {isa = PBXBuildFile; fileRef = 8FD48FF521201D160035026F /* LaunchScreen.storyboard */; };
		8FD48FFF21201E5B0035026F /* CircularViewController.swift in Sources */ = {isa = PBXBuildFile; fileRef = 8FD48FFE21201E5B0035026F /* CircularViewController.swift */; };
/* End PBXBuildFile section */

/* Begin PBXFileReference section */
		8F004E2321202659002497F2 /* CircularTransition.swift */ = {isa = PBXFileReference; lastKnownFileType = sourcecode.swift; path = CircularTransition.swift; sourceTree = "<group>"; };
		8FD48FE921201D140035026F /* TransitionExamples.app */ = {isa = PBXFileReference; explicitFileType = wrapper.application; includeInIndex = 0; path = TransitionExamples.app; sourceTree = BUILT_PRODUCTS_DIR; };
		8FD48FEC21201D140035026F /* AppDelegate.swift */ = {isa = PBXFileReference; lastKnownFileType = sourcecode.swift; path = AppDelegate.swift; sourceTree = "<group>"; };
		8FD48FEE21201D140035026F /* ViewController.swift */ = {isa = PBXFileReference; lastKnownFileType = sourcecode.swift; path = ViewController.swift; sourceTree = "<group>"; };
		8FD48FF121201D140035026F /* Base */ = {isa = PBXFileReference; lastKnownFileType = file.storyboard; name = Base; path = Base.lproj/Main.storyboard; sourceTree = "<group>"; };
		8FD48FF321201D160035026F /* Assets.xcassets */ = {isa = PBXFileReference; lastKnownFileType = folder.assetcatalog; path = Assets.xcassets; sourceTree = "<group>"; };
		8FD48FF621201D160035026F /* Base */ = {isa = PBXFileReference; lastKnownFileType = file.storyboard; name = Base; path = Base.lproj/LaunchScreen.storyboard; sourceTree = "<group>"; };
		8FD48FF821201D160035026F /* Info.plist */ = {isa = PBXFileReference; lastKnownFileType = text.plist.xml; path = Info.plist; sourceTree = "<group>"; };
		8FD48FFE21201E5B0035026F /* CircularViewController.swift */ = {isa = PBXFileReference; lastKnownFileType = sourcecode.swift; path = CircularViewController.swift; sourceTree = "<group>"; };
/* End PBXFileReference section */

/* Begin PBXFrameworksBuildPhase section */
		8FD48FE621201D140035026F /* Frameworks */ = {
			isa = PBXFrameworksBuildPhase;
			buildActionMask = 2147483647;
			files = (
			);
			runOnlyForDeploymentPostprocessing = 0;
		};
/* End PBXFrameworksBuildPhase section */

/* Begin PBXGroup section */
		8FD48FE021201D140035026F = {
			isa = PBXGroup;
			children = (
				8FD48FEB21201D140035026F /* TransitionExamples */,
				8FD48FEA21201D140035026F /* Products */,
			);
			sourceTree = "<group>";
		};
		8FD48FEA21201D140035026F /* Products */ = {
			isa = PBXGroup;
			children = (
				8FD48FE921201D140035026F /* TransitionExamples.app */,
			);
			name = Products;
			sourceTree = "<group>";
		};
		8FD48FEB21201D140035026F /* TransitionExamples */ = {
			isa = PBXGroup;
			children = (
				8FD48FEC21201D140035026F /* AppDelegate.swift */,
				8FD48FEE21201D140035026F /* ViewController.swift */,
				8FD48FF021201D140035026F /* Main.storyboard */,
				8FD48FF321201D160035026F /* Assets.xcassets */,
				8FD48FF521201D160035026F /* LaunchScreen.storyboard */,
				8FD48FF821201D160035026F /* Info.plist */,
				8FD48FFE21201E5B0035026F /* CircularViewController.swift */,
				8F004E2321202659002497F2 /* CircularTransition.swift */,
			);
			path = TransitionExamples;
			sourceTree = "<group>";
		};
/* End PBXGroup section */

/* Begin PBXNativeTarget section */
		8FD48FE821201D140035026F /* TransitionExamples */ = {
			isa = PBXNativeTarget;
			buildConfigurationList = 8FD48FFB21201D160035026F /* Build configuration list for PBXNativeTarget "TransitionExamples" */;
			buildPhases = (
				8FD48FE521201D140035026F /* Sources */,
				8FD48FE621201D140035026F /* Frameworks */,
				8FD48FE721201D140035026F /* Resources */,
			);
			buildRules = (
			);
			dependencies = (
			);
			name = TransitionExamples;
			productName = TransitionExamples;
			productReference = 8FD48FE921201D140035026F /* TransitionExamples.app */;
			productType = "com.apple.product-type.application";
		};
/* End PBXNativeTarget section */

/* Begin PBXProject section */
		8FD48FE121201D140035026F /* Project object */ = {
			isa = PBXProject;
			attributes = {
				LastSwiftUpdateCheck = 0930;
				LastUpgradeCheck = 0930;
				ORGANIZATIONNAME = "Onur Hüseyin Çantay";
				TargetAttributes = {
					8FD48FE821201D140035026F = {
						CreatedOnToolsVersion = 9.3.1;
					};
				};
			};
			buildConfigurationList = 8FD48FE421201D140035026F /* Build configuration list for PBXProject "TransitionExamples" */;
			compatibilityVersion = "Xcode 9.3";
			developmentRegion = en;
			hasScannedForEncodings = 0;
			knownRegions = (
				en,
				Base,
			);
			mainGroup = 8FD48FE021201D140035026F;
			productRefGroup = 8FD48FEA21201D140035026F /* Products */;
			projectDirPath = "";
			projectRoot = "";
			targets = (
				8FD48FE821201D140035026F /* TransitionExamples */,
			);
		};
/* End PBXProject section */

/* Begin PBXResourcesBuildPhase section */
		8FD48FE721201D140035026F /* Resources */ = {
			isa = PBXResourcesBuildPhase;
			buildActionMask = 2147483647;
			files = (
				8FD48FF721201D160035026F /* LaunchScreen.storyboard in Resources */,
				8FD48FF421201D160035026F /* Assets.xcassets in Resources */,
				8FD48FF221201D140035026F /* Main.storyboard in Resources */,
			);
			runOnlyForDeploymentPostprocessing = 0;
		};
/* End PBXResourcesBuildPhase section */

/* Begin PBXSourcesBuildPhase section */
		8FD48FE521201D140035026F /* Sources */ = {
			isa = PBXSourcesBuildPhase;
			buildActionMask = 2147483647;
			files = (
				8FD48FFF21201E5B0035026F /* CircularViewController.swift in Sources */,
				8FD48FEF21201D140035026F /* ViewController.swift in Sources */,
				8FD48FED21201D140035026F /* AppDelegate.swift in Sources */,
				8F004E2421202659002497F2 /* CircularTransition.swift in Sources */,
			);
			runOnlyForDeploymentPostprocessing = 0;
		};
/* End PBXSourcesBuildPhase section */

/* Begin PBXVariantGroup section */
		8FD48FF021201D140035026F /* Main.storyboard */ = {
			isa = PBXVariantGroup;
			children = (
				8FD48FF121201D140035026F /* Base */,
			);
			name = Main.storyboard;
			sourceTree = "<group>";
		};
		8FD48FF521201D160035026F /* LaunchScreen.storyboard */ = {
			isa = PBXVariantGroup;
			children = (
				8FD48FF621201D160035026F /* Base */,
			);
			name = LaunchScreen.storyboard;
			sourceTree = "<group>";
		};
/* End PBXVariantGroup section */

/* Begin XCBuildConfiguration section */
		8FD48FF921201D160035026F /* Debug */ = {
			isa = XCBuildConfiguration;
			buildSettings = {
				ALWAYS_SEARCH_USER_PATHS = NO;
				CLANG_ANALYZER_NONNULL = YES;
				CLANG_ANALYZER_NUMBER_OBJECT_CONVERSION = YES_AGGRESSIVE;
				CLANG_CXX_LANGUAGE_STANDARD = "gnu++14";
				CLANG_CXX_LIBRARY = "libc++";
				CLANG_ENABLE_MODULES = YES;
				CLANG_ENABLE_OBJC_ARC = YES;
				CLANG_ENABLE_OBJC_WEAK = YES;
				CLANG_WARN_BLOCK_CAPTURE_AUTORELEASING = YES;
				CLANG_WARN_BOOL_CONVERSION = YES;
				CLANG_WARN_COMMA = YES;
				CLANG_WARN_CONSTANT_CONVERSION = YES;
				CLANG_WARN_DEPRECATED_OBJC_IMPLEMENTATIONS = YES;
				CLANG_WARN_DIRECT_OBJC_ISA_USAGE = YES_ERROR;
				CLANG_WARN_DOCUMENTATION_COMMENTS = YES;
				CLANG_WARN_EMPTY_BODY = YES;
				CLANG_WARN_ENUM_CONVERSION = YES;
				CLANG_WARN_INFINITE_RECURSION = YES;
				CLANG_WARN_INT_CONVERSION = YES;
				CLANG_WARN_NON_LITERAL_NULL_CONVERSION = YES;
				CLANG_WARN_OBJC_IMPLICIT_RETAIN_SELF = YES;
				CLANG_WARN_OBJC_LITERAL_CONVERSION = YES;
				CLANG_WARN_OBJC_ROOT_CLASS = YES_ERROR;
				CLANG_WARN_RANGE_LOOP_ANALYSIS = YES;
				CLANG_WARN_STRICT_PROTOTYPES = YES;
				CLANG_WARN_SUSPICIOUS_MOVE = YES;
				CLANG_WARN_UNGUARDED_AVAILABILITY = YES_AGGRESSIVE;
				CLANG_WARN_UNREACHABLE_CODE = YES;
				CLANG_WARN__DUPLICATE_METHOD_MATCH = YES;
				CODE_SIGN_IDENTITY = "iPhone Developer";
				COPY_PHASE_STRIP = NO;
				DEBUG_INFORMATION_FORMAT = dwarf;
				ENABLE_STRICT_OBJC_MSGSEND = YES;
				ENABLE_TESTABILITY = YES;
				GCC_C_LANGUAGE_STANDARD = gnu11;
				GCC_DYNAMIC_NO_PIC = NO;
				GCC_NO_COMMON_BLOCKS = YES;
				GCC_OPTIMIZATION_LEVEL = 0;
				GCC_PREPROCESSOR_DEFINITIONS = (
					"DEBUG=1",
					"$(inherited)",
				);
				GCC_WARN_64_TO_32_BIT_CONVERSION = YES;
				GCC_WARN_ABOUT_RETURN_TYPE = YES_ERROR;
				GCC_WARN_UNDECLARED_SELECTOR = YES;
				GCC_WARN_UNINITIALIZED_AUTOS = YES_AGGRESSIVE;
				GCC_WARN_UNUSED_FUNCTION = YES;
				GCC_WARN_UNUSED_VARIABLE = YES;
				IPHONEOS_DEPLOYMENT_TARGET = 11.3;
				MTL_ENABLE_DEBUG_INFO = YES;
				ONLY_ACTIVE_ARCH = YES;
				SDKROOT = iphoneos;
				SWIFT_ACTIVE_COMPILATION_CONDITIONS = DEBUG;
				SWIFT_OPTIMIZATION_LEVEL = "-Onone";
			};
			name = Debug;
		};
		8FD48FFA21201D160035026F /* Release */ = {
			isa = XCBuildConfiguration;
			buildSettings = {
				ALWAYS_SEARCH_USER_PATHS = NO;
				CLANG_ANALYZER_NONNULL = YES;
				CLANG_ANALYZER_NUMBER_OBJECT_CONVERSION = YES_AGGRESSIVE;
				CLANG_CXX_LANGUAGE_STANDARD = "gnu++14";
				CLANG_CXX_LIBRARY = "libc++";
				CLANG_ENABLE_MODULES = YES;
				CLANG_ENABLE_OBJC_ARC = YES;
				CLANG_ENABLE_OBJC_WEAK = YES;
				CLANG_WARN_BLOCK_CAPTURE_AUTORELEASING = YES;
				CLANG_WARN_BOOL_CONVERSION = YES;
				CLANG_WARN_COMMA = YES;
				CLANG_WARN_CONSTANT_CONVERSION = YES;
				CLANG_WARN_DEPRECATED_OBJC_IMPLEMENTATIONS = YES;
				CLANG_WARN_DIRECT_OBJC_ISA_USAGE = YES_ERROR;
				CLANG_WARN_DOCUMENTATION_COMMENTS = YES;
				CLANG_WARN_EMPTY_BODY = YES;
				CLANG_WARN_ENUM_CONVERSION = YES;
				CLANG_WARN_INFINITE_RECURSION = YES;
				CLANG_WARN_INT_CONVERSION = YES;
				CLANG_WARN_NON_LITERAL_NULL_CONVERSION = YES;
				CLANG_WARN_OBJC_IMPLICIT_RETAIN_SELF = YES;
				CLANG_WARN_OBJC_LITERAL_CONVERSION = YES;
				CLANG_WARN_OBJC_ROOT_CLASS = YES_ERROR;
				CLANG_WARN_RANGE_LOOP_ANALYSIS = YES;
				CLANG_WARN_STRICT_PROTOTYPES = YES;
				CLANG_WARN_SUSPICIOUS_MOVE = YES;
				CLANG_WARN_UNGUARDED_AVAILABILITY = YES_AGGRESSIVE;
				CLANG_WARN_UNREACHABLE_CODE = YES;
				CLANG_WARN__DUPLICATE_METHOD_MATCH = YES;
				CODE_SIGN_IDENTITY = "iPhone Developer";
				COPY_PHASE_STRIP = NO;
				DEBUG_INFORMATION_FORMAT = "dwarf-with-dsym";
				ENABLE_NS_ASSERTIONS = NO;
				ENABLE_STRICT_OBJC_MSGSEND = YES;
				GCC_C_LANGUAGE_STANDARD = gnu11;
				GCC_NO_COMMON_BLOCKS = YES;
				GCC_WARN_64_TO_32_BIT_CONVERSION = YES;
				GCC_WARN_ABOUT_RETURN_TYPE = YES_ERROR;
				GCC_WARN_UNDECLARED_SELECTOR = YES;
				GCC_WARN_UNINITIALIZED_AUTOS = YES_AGGRESSIVE;
				GCC_WARN_UNUSED_FUNCTION = YES;
				GCC_WARN_UNUSED_VARIABLE = YES;
				IPHONEOS_DEPLOYMENT_TARGET = 11.3;
				MTL_ENABLE_DEBUG_INFO = NO;
				SDKROOT = iphoneos;
				SWIFT_COMPILATION_MODE = wholemodule;
				SWIFT_OPTIMIZATION_LEVEL = "-O";
				VALIDATE_PRODUCT = YES;
			};
			name = Release;
		};
		8FD48FFC21201D160035026F /* Debug */ = {
			isa = XCBuildConfiguration;
			buildSettings = {
				ASSETCATALOG_COMPILER_APPICON_NAME = AppIcon;
				CODE_SIGN_STYLE = Automatic;
				DEVELOPMENT_TEAM = B4F2B776R3;
				INFOPLIST_FILE = TransitionExamples/Info.plist;
				LD_RUNPATH_SEARCH_PATHS = (
					"$(inherited)",
					"@executable_path/Frameworks",
				);
				PRODUCT_BUNDLE_IDENTIFIER = onurhuseyincantay.TransitionExamples;
				PRODUCT_NAME = "$(TARGET_NAME)";
				SWIFT_VERSION = 4.0;
				TARGETED_DEVICE_FAMILY = "1,2";
			};
			name = Debug;
		};
		8FD48FFD21201D160035026F /* Release */ = {
			isa = XCBuildConfiguration;
			buildSettings = {
				ASSETCATALOG_COMPILER_APPICON_NAME = AppIcon;
				CODE_SIGN_STYLE = Automatic;
				DEVELOPMENT_TEAM = B4F2B776R3;
				INFOPLIST_FILE = TransitionExamples/Info.plist;
				LD_RUNPATH_SEARCH_PATHS = (
					"$(inherited)",
					"@executable_path/Frameworks",
				);
				PRODUCT_BUNDLE_IDENTIFIER = onurhuseyincantay.TransitionExamples;
				PRODUCT_NAME = "$(TARGET_NAME)";
				SWIFT_VERSION = 4.0;
				TARGETED_DEVICE_FAMILY = "1,2";
			};
			name = Release;
		};
/* End XCBuildConfiguration section */

/* Begin XCConfigurationList section */
		8FD48FE421201D140035026F /* Build configuration list for PBXProject "TransitionExamples" */ = {
			isa = XCConfigurationList;
			buildConfigurations = (
				8FD48FF921201D160035026F /* Debug */,
				8FD48FFA21201D160035026F /* Release */,
			);
			defaultConfigurationIsVisible = 0;
			defaultConfigurationName = Release;
		};
		8FD48FFB21201D160035026F /* Build configuration list for PBXNativeTarget "TransitionExamples" */ = {
			isa = XCConfigurationList;
			buildConfigurations = (
				8FD48FFC21201D160035026F /* Debug */,
				8FD48FFD21201D160035026F /* Release */,
			);
			defaultConfigurationIsVisible = 0;
			defaultConfigurationName = Release;
		};
/* End XCConfigurationList section */
	};
	rootObject = 8FD48FE121201D140035026F /* Project object */;
}
